schema: '2.0'
stages:
  get-features:
    cmd: python3 scripts/feature_engineering/get_features.py data/raw/
    deps:
    - path: data/raw/
      hash: md5
      md5: fe5bf85e1738deec99e084ece90e2751.dir
      size: 200280
      nfiles: 5
    - path: scripts/feature_engineering/get_features.py
      hash: md5
      md5: 5c521002c7983984850649f2d7e85b43
      size: 687
    outs:
    - path: data/features
      hash: md5
      md5: 6970629c5ff6501423120218d63a2c71.dir
      size: 198747
      nfiles: 2
  data-prep:
    cmd: python3 scripts/feature_engineering/data_preprocessing.py data/features/
    deps:
    - path: data/features/
      hash: md5
      md5: 6970629c5ff6501423120218d63a2c71.dir
      size: 198747
      nfiles: 2
    - path: scripts/feature_engineering/data_preprocessing.py
      hash: md5
      md5: 5c8f71c6dce23770054c9b6e2292e82f
      size: 1812
    outs:
    - path: data/prepared
      hash: md5
      md5: 244a24fae5535f3507cbc4c5426a4f1f.dir
      size: 213155
      nfiles: 2
  train:
    cmd: python3 scripts/model/model_preparation.py data/prepared/train.csv model.pkl
    deps:
    - path: data/prepared/train.csv
      hash: md5
      md5: 36b4a2de8d477940aa34d5874fa1cd22
      size: 152225
    - path: scripts/model/model_preparation.py
      hash: md5
      md5: 6eff30bcee8fbe7122989945c4e5c137
      size: 881
    params:
      params.yaml:
        train.iters: 10
        train.seed: 7
    outs:
    - path: models/model.pkl
      hash: md5
      md5: 1a3240aa57ec61528d44d093698363b0
      size: 853
  evaluate:
    cmd: python3 scripts/model/evaluate.py data/prepared/test.csv models/model.pkl
    deps:
    - path: data/prepared/test.csv
      hash: md5
      md5: bc14f29aab27502bd208a785f629ff6e
      size: 60930
    - path: models/model.pkl
      hash: md5
      md5: 1a3240aa57ec61528d44d093698363b0
      size: 853
    - path: scripts/model/evaluate.py
      hash: md5
      md5: 22835035e1f1dd675b3dd1536b3d1ef3
      size: 550
    outs:
    - path: evaluate.json
      hash: md5
      md5: 08ae35086641824a34cd09c06ecbc2e6
      size: 16
